
Microsoft Visual Studio Solution File, Format Version 12.00
# Visual Studio Version 16
VisualStudioVersion = 16.0.28803.352
MinimumVisualStudioVersion = 10.0.40219.1
Project("{FAE04EC0-301F-11D3-BF4B-00C04F79EFBC}") = "Panda.Core", "src\Panda.Core\Panda.Core.csproj", "{099FF10E-E87F-44B7-8B8D-02CDFF1E0A45}"
EndProject
Project("{9A19103F-16F7-4668-BE54-9A1E7A4F7556}") = "Panda.Uow", "src\Panda.Uow\Panda.Uow.csproj", "{8404A4DB-5B8F-4CFE-B574-9A256BE91C17}"
EndProject
Project("{FAE04EC0-301F-11D3-BF4B-00C04F79EFBC}") = "Panda.FreeSql", "src\Panda.FreeSql\Panda.FreeSql.csproj", "{06592665-6E49-4409-9548-2E6AA2E7D180}"
EndProject
Global
	GlobalSection(SolutionConfigurationPlatforms) = preSolution
		Debug|Any CPU = Debug|Any CPU
		Release|Any CPU = Release|Any CPU
	EndGlobalSection
	GlobalSection(ProjectConfigurationPlatforms) = postSolution
		{099FF10E-E87F-44B7-8B8D-02CDFF1E0A45}.Debug|Any CPU.ActiveCfg = Debug|Any CPU
		{099FF10E-E87F-44B7-8B8D-02CDFF1E0A45}.Debug|Any CPU.Build.0 = Debug|Any CPU
		{099FF10E-E87F-44B7-8B8D-02CDFF1E0A45}.Release|Any CPU.ActiveCfg = Release|Any CPU
		{099FF10E-E87F-44B7-8B8D-02CDFF1E0A45}.Release|Any CPU.Build.0 = Release|Any CPU
		{8404A4DB-5B8F-4CFE-B574-9A256BE91C17}.Debug|Any CPU.ActiveCfg = Debug|Any CPU
		{8404A4DB-5B8F-4CFE-B574-9A256BE91C17}.Debug|Any CPU.Build.0 = Debug|Any CPU
		{8404A4DB-5B8F-4CFE-B574-9A256BE91C17}.Release|Any CPU.ActiveCfg = Release|Any CPU
		{8404A4DB-5B8F-4CFE-B574-9A256BE91C17}.Release|Any CPU.Build.0 = Release|Any CPU
		{06592665-6E49-4409-9548-2E6AA2E7D180}.Debug|Any CPU.ActiveCfg = Debug|Any CPU
		{06592665-6E49-4409-9548-2E6AA2E7D180}.Debug|Any CPU.Build.0 = Debug|Any CPU
		{06592665-6E49-4409-9548-2E6AA2E7D180}.Release|Any CPU.ActiveCfg = Release|Any CPU
		{06592665-6E49-4409-9548-2E6AA2E7D180}.Release|Any CPU.Build.0 = Release|Any CPU
	EndGlobalSection
	GlobalSection(SolutionProperties) = preSolution
		HideSolutionNode = FALSE
	EndGlobalSection
	GlobalSection(ExtensibilityGlobals) = postSolution
		SolutionGuid = {75831802-53DE-49FF-9652-3BD1BF822FAF}
	EndGlobalSection
EndGlobal
